{
  "requires": true,
  "lockfileVersion": 1,
  "dependencies": {
    "@types/three": {
      "version": "0.93.30",
      "resolved": "https://registry.npmjs.org/@types/three/-/three-0.93.30.tgz",
      "integrity": "sha512-PKynehMvPQ7/Jmqnz4aFTaUHTmT2VAT8qPnHSaXq8TawXjmRIvAeI+84gsU9LwzRyMZ37z81qkJJdofjfhnysA=="
    }
  }
}
